[[package]]
name = "dynaconf"
version = "3.1.8"
description = "The dynamic configurator for your Python Project"
category = "main"
optional = false
python-versions = ">=3.7"

[package.extras]
all = ["redis", "ruamel.yaml", "configobj", "hvac"]
configobj = ["configobj"]
ini = ["configobj"]
redis = ["redis"]
test = ["pytest", "pytest-cov", "pytest-xdist", "pytest-mock", "flake8", "pep8-naming", "flake8-debugger", "flake8-print", "flake8-todo", "radon", "flask (>=0.12)", "django", "python-dotenv", "toml", "codecov", "redis", "hvac", "configobj"]
toml = ["toml"]
vault = ["hvac"]
yaml = ["ruamel.yaml"]

[metadata]
lock-version = "1.1"
python-versions = "^3.8"
content-hash = "02f6e1f1efd3bed8353777e91cd40eb894610d8ca7fdf8ab7fa5b20f7ec67aa0"

[metadata.files]
dynaconf = [
    {file = "dynaconf-3.1.8-py2.py3-none-any.whl", hash = "sha256:dea41800cf4eef488f49d3b5d1ff6305b85c3c21538f4dcfc39ab34d29606d28"},
    {file = "dynaconf-3.1.8.tar.gz", hash = "sha256:d141a6664fca3648d2d8e84440966af9f58c4f4201ca78353a3f595a67c19ab4"},
]
